
Microsoft Visual Studio Solution File, Format Version 12.00
# Visual Studio Version 17
VisualStudioVersion = 17.13.35806.99 d17.13
MinimumVisualStudioVersion = 10.0.40219.1
Project("{FAE04EC0-301F-11D3-BF4B-00C04F79EFBC}") = "calculator", "calculator\calculator.csproj", "{59175C37-CB95-4A31-9BE7-1D15E64E567F}"
EndProject
Global
	GlobalSection(SolutionConfigurationPlatforms) = preSolution
		Debug|Any CPU = Debug|Any CPU
		Release|Any CPU = Release|Any CPU
	EndGlobalSection
	GlobalSection(ProjectConfigurationPlatforms) = postSolution
		{59175C37-CB95-4A31-9BE7-1D15E64E567F}.Debug|Any CPU.ActiveCfg = Debug|Any CPU
		{59175C37-CB95-4A31-9BE7-1D15E64E567F}.Debug|Any CPU.Build.0 = Debug|Any CPU
		{59175C37-CB95-4A31-9BE7-1D15E64E567F}.Release|Any CPU.ActiveCfg = Release|Any CPU
		{59175C37-CB95-4A31-9BE7-1D15E64E567F}.Release|Any CPU.Build.0 = Release|Any CPU
	EndGlobalSection
	GlobalSection(SolutionProperties) = preSolution
		HideSolutionNode = FALSE
	EndGlobalSection
	GlobalSection(ExtensibilityGlobals) = postSolution
		SolutionGuid = {FBEF5C6C-4682-4DC9-8FA7-2C7DA5983590}
	EndGlobalSection
EndGlobal
