
Microsoft Visual Studio Solution File, Format Version 12.00
# Visual Studio Version 17
VisualStudioVersion = 17.13.35806.99
MinimumVisualStudioVersion = 10.0.40219.1
Project("{FAE04EC0-301F-11D3-BF4B-00C04F79EFBC}") = "calculator", "calculator\calculator.csproj", "{59175C37-CB95-4A31-9BE7-1D15E64E567F}"
EndProject
Project("{FAE04EC0-301F-11D3-BF4B-00C04F79EFBC}") = "image_viewer", "image_viewer\image_viewer.csproj", "{F549EC8A-75EF-4713-8E0B-5BDE4DD0F13D}"
EndProject
Project("{FAE04EC0-301F-11D3-BF4B-00C04F79EFBC}") = "Library", "Library\Library.csproj", "{D6BE4EA5-5991-439F-8C40-19FBEF0C216C}"
EndProject
Project("{FAE04EC0-301F-11D3-BF4B-00C04F79EFBC}") = "Warehouse", "Warehouse\Warehouse.csproj", "{E6672987-25A7-4874-8E98-B0D522C8314C}"
EndProject
Project("{FAE04EC0-301F-11D3-BF4B-00C04F79EFBC}") = "CollectionProcessor", "CollectionProcessor\CollectionProcessor.csproj", "{9FC53C93-9678-4789-ACC7-193775E6DA2B}"
EndProject
Project("{FAE04EC0-301F-11D3-BF4B-00C04F79EFBC}") = "ReactionTimeGame", "ReactionTimeGame\ReactionTimeGame.csproj", "{0DB6610B-83F2-46B7-BCE4-4F877B986BC0}"
EndProject
Project("{FAE04EC0-301F-11D3-BF4B-00C04F79EFBC}") = "MainForm", "MainForm\MainForm.csproj", "{56A865F5-AA59-431B-B14F-8A5AF5B95C6E}"
EndProject
Global
	GlobalSection(SolutionConfigurationPlatforms) = preSolution
		Debug|Any CPU = Debug|Any CPU
		Release|Any CPU = Release|Any CPU
	EndGlobalSection
	GlobalSection(ProjectConfigurationPlatforms) = postSolution
		{59175C37-CB95-4A31-9BE7-1D15E64E567F}.Debug|Any CPU.ActiveCfg = Debug|Any CPU
		{59175C37-CB95-4A31-9BE7-1D15E64E567F}.Debug|Any CPU.Build.0 = Debug|Any CPU
		{59175C37-CB95-4A31-9BE7-1D15E64E567F}.Release|Any CPU.ActiveCfg = Release|Any CPU
		{59175C37-CB95-4A31-9BE7-1D15E64E567F}.Release|Any CPU.Build.0 = Release|Any CPU
		{F549EC8A-75EF-4713-8E0B-5BDE4DD0F13D}.Debug|Any CPU.ActiveCfg = Debug|Any CPU
		{F549EC8A-75EF-4713-8E0B-5BDE4DD0F13D}.Debug|Any CPU.Build.0 = Debug|Any CPU
		{F549EC8A-75EF-4713-8E0B-5BDE4DD0F13D}.Release|Any CPU.ActiveCfg = Release|Any CPU
		{F549EC8A-75EF-4713-8E0B-5BDE4DD0F13D}.Release|Any CPU.Build.0 = Release|Any CPU
		{D6BE4EA5-5991-439F-8C40-19FBEF0C216C}.Debug|Any CPU.ActiveCfg = Debug|Any CPU
		{D6BE4EA5-5991-439F-8C40-19FBEF0C216C}.Debug|Any CPU.Build.0 = Debug|Any CPU
		{D6BE4EA5-5991-439F-8C40-19FBEF0C216C}.Release|Any CPU.ActiveCfg = Release|Any CPU
		{D6BE4EA5-5991-439F-8C40-19FBEF0C216C}.Release|Any CPU.Build.0 = Release|Any CPU
		{E6672987-25A7-4874-8E98-B0D522C8314C}.Debug|Any CPU.ActiveCfg = Debug|Any CPU
		{E6672987-25A7-4874-8E98-B0D522C8314C}.Debug|Any CPU.Build.0 = Debug|Any CPU
		{E6672987-25A7-4874-8E98-B0D522C8314C}.Release|Any CPU.ActiveCfg = Release|Any CPU
		{E6672987-25A7-4874-8E98-B0D522C8314C}.Release|Any CPU.Build.0 = Release|Any CPU
		{9FC53C93-9678-4789-ACC7-193775E6DA2B}.Debug|Any CPU.ActiveCfg = Debug|Any CPU
		{9FC53C93-9678-4789-ACC7-193775E6DA2B}.Debug|Any CPU.Build.0 = Debug|Any CPU
		{9FC53C93-9678-4789-ACC7-193775E6DA2B}.Release|Any CPU.ActiveCfg = Release|Any CPU
		{9FC53C93-9678-4789-ACC7-193775E6DA2B}.Release|Any CPU.Build.0 = Release|Any CPU
		{0DB6610B-83F2-46B7-BCE4-4F877B986BC0}.Debug|Any CPU.ActiveCfg = Debug|Any CPU
		{0DB6610B-83F2-46B7-BCE4-4F877B986BC0}.Debug|Any CPU.Build.0 = Debug|Any CPU
		{0DB6610B-83F2-46B7-BCE4-4F877B986BC0}.Release|Any CPU.ActiveCfg = Release|Any CPU
		{0DB6610B-83F2-46B7-BCE4-4F877B986BC0}.Release|Any CPU.Build.0 = Release|Any CPU
		{56A865F5-AA59-431B-B14F-8A5AF5B95C6E}.Debug|Any CPU.ActiveCfg = Debug|Any CPU
		{56A865F5-AA59-431B-B14F-8A5AF5B95C6E}.Debug|Any CPU.Build.0 = Debug|Any CPU
		{56A865F5-AA59-431B-B14F-8A5AF5B95C6E}.Release|Any CPU.ActiveCfg = Release|Any CPU
		{56A865F5-AA59-431B-B14F-8A5AF5B95C6E}.Release|Any CPU.Build.0 = Release|Any CPU
	EndGlobalSection
	GlobalSection(SolutionProperties) = preSolution
		HideSolutionNode = FALSE
	EndGlobalSection
	GlobalSection(ExtensibilityGlobals) = postSolution
		SolutionGuid = {FBEF5C6C-4682-4DC9-8FA7-2C7DA5983590}
	EndGlobalSection
EndGlobal
